// !$*UTF8*$!
{
	archiveVersion = 1;
	classes = {
	};
	objectVersion = 46;
	objects = {

/* Begin PBXBuildFile section */
		2E7B35241F20AA9600C431F5 /* AppDelegate.swift in Sources */ = {isa = PBXBuildFile; fileRef = 2E7B35231F20AA9600C431F5 /* AppDelegate.swift */; };
		2E7B35261F20AA9600C431F5 /* FirstPageVC.swift in Sources */ = {isa = PBXBuildFile; fileRef = 2E7B35251F20AA9600C431F5 /* FirstPageVC.swift */; };
		2E7B35291F20AA9600C431F5 /* Main.storyboard in Resources */ = {isa = PBXBuildFile; fileRef = 2E7B35271F20AA9600C431F5 /* Main.storyboard */; };
		2E7B352B1F20AA9600C431F5 /* Assets.xcassets in Resources */ = {isa = PBXBuildFile; fileRef = 2E7B352A1F20AA9600C431F5 /* Assets.xcassets */; };
		2E7B352E1F20AA9600C431F5 /* LaunchScreen.storyboard in Resources */ = {isa = PBXBuildFile; fileRef = 2E7B352C1F20AA9600C431F5 /* LaunchScreen.storyboard */; };
		2E7B35391F20AA9700C431F5 /* CodeClassTests.swift in Sources */ = {isa = PBXBuildFile; fileRef = 2E7B35381F20AA9700C431F5 /* CodeClassTests.swift */; };
		2E7B35441F20B50F00C431F5 /* Manusia.swift in Sources */ = {isa = PBXBuildFile; fileRef = 2E7B35431F20B50F00C431F5 /* Manusia.swift */; };
		2E7B35471F20B6E500C431F5 /* Pria.swift in Sources */ = {isa = PBXBuildFile; fileRef = 2E7B35461F20B6E500C431F5 /* Pria.swift */; };
		2EA1F7671F2306D1008AC466 /* SecondPageVC.swift in Sources */ = {isa = PBXBuildFile; fileRef = 2EA1F7661F2306D1008AC466 /* SecondPageVC.swift */; };
/* End PBXBuildFile section */

/* Begin PBXContainerItemProxy section */
		2E7B35351F20AA9700C431F5 /* PBXContainerItemProxy */ = {
			isa = PBXContainerItemProxy;
			containerPortal = 2E7B35181F20AA9600C431F5 /* Project object */;
			proxyType = 1;
			remoteGlobalIDString = 2E7B351F1F20AA9600C431F5;
			remoteInfo = CodeClass;
		};
/* End PBXContainerItemProxy section */

/* Begin PBXFileReference section */
		2E7B35201F20AA9600C431F5 /* CodeClass.app */ = {isa = PBXFileReference; explicitFileType = wrapper.application; includeInIndex = 0; path = CodeClass.app; sourceTree = BUILT_PRODUCTS_DIR; };
		2E7B35231F20AA9600C431F5 /* AppDelegate.swift */ = {isa = PBXFileReference; lastKnownFileType = sourcecode.swift; path = AppDelegate.swift; sourceTree = "<group>"; };
		2E7B35251F20AA9600C431F5 /* FirstPageVC.swift */ = {isa = PBXFileReference; lastKnownFileType = sourcecode.swift; path = FirstPageVC.swift; sourceTree = "<group>"; };
		2E7B35281F20AA9600C431F5 /* Base */ = {isa = PBXFileReference; lastKnownFileType = file.storyboard; name = Base; path = Base.lproj/Main.storyboard; sourceTree = "<group>"; };
		2E7B352A1F20AA9600C431F5 /* Assets.xcassets */ = {isa = PBXFileReference; lastKnownFileType = folder.assetcatalog; path = Assets.xcassets; sourceTree = "<group>"; };
		2E7B352D1F20AA9600C431F5 /* Base */ = {isa = PBXFileReference; lastKnownFileType = file.storyboard; name = Base; path = Base.lproj/LaunchScreen.storyboard; sourceTree = "<group>"; };
		2E7B352F1F20AA9600C431F5 /* Info.plist */ = {isa = PBXFileReference; lastKnownFileType = text.plist.xml; path = Info.plist; sourceTree = "<group>"; };
		2E7B35341F20AA9700C431F5 /* CodeClassTests.xctest */ = {isa = PBXFileReference; explicitFileType = wrapper.cfbundle; includeInIndex = 0; path = CodeClassTests.xctest; sourceTree = BUILT_PRODUCTS_DIR; };
		2E7B35381F20AA9700C431F5 /* CodeClassTests.swift */ = {isa = PBXFileReference; lastKnownFileType = sourcecode.swift; path = CodeClassTests.swift; sourceTree = "<group>"; };
		2E7B353A1F20AA9700C431F5 /* Info.plist */ = {isa = PBXFileReference; lastKnownFileType = text.plist.xml; path = Info.plist; sourceTree = "<group>"; };
		2E7B35431F20B50F00C431F5 /* Manusia.swift */ = {isa = PBXFileReference; fileEncoding = 4; lastKnownFileType = sourcecode.swift; path = Manusia.swift; sourceTree = "<group>"; };
		2E7B35461F20B6E500C431F5 /* Pria.swift */ = {isa = PBXFileReference; fileEncoding = 4; lastKnownFileType = sourcecode.swift; path = Pria.swift; sourceTree = "<group>"; };
		2EA1F7661F2306D1008AC466 /* SecondPageVC.swift */ = {isa = PBXFileReference; fileEncoding = 4; lastKnownFileType = sourcecode.swift; path = SecondPageVC.swift; sourceTree = "<group>"; };
/* End PBXFileReference section */

/* Begin PBXFrameworksBuildPhase section */
		2E7B351D1F20AA9600C431F5 /* Frameworks */ = {
			isa = PBXFrameworksBuildPhase;
			buildActionMask = 2147483647;
			files = (
			);
			runOnlyForDeploymentPostprocessing = 0;
		};
		2E7B35311F20AA9700C431F5 /* Frameworks */ = {
			isa = PBXFrameworksBuildPhase;
			buildActionMask = 2147483647;
			files = (
			);
			runOnlyForDeploymentPostprocessing = 0;
		};
/* End PBXFrameworksBuildPhase section */

/* Begin PBXGroup section */
		2E7B35171F20AA9600C431F5 = {
			isa = PBXGroup;
			children = (
				2E7B35221F20AA9600C431F5 /* CodeClass */,
				2E7B35371F20AA9700C431F5 /* CodeClassTests */,
				2E7B35211F20AA9600C431F5 /* Products */,
			);
			sourceTree = "<group>";
		};
		2E7B35211F20AA9600C431F5 /* Products */ = {
			isa = PBXGroup;
			children = (
				2E7B35201F20AA9600C431F5 /* CodeClass.app */,
				2E7B35341F20AA9700C431F5 /* CodeClassTests.xctest */,
			);
			name = Products;
			sourceTree = "<group>";
		};
		2E7B35221F20AA9600C431F5 /* CodeClass */ = {
			isa = PBXGroup;
			children = (
				2E7B35451F20B6BE00C431F5 /* Class */,
				2E7B35231F20AA9600C431F5 /* AppDelegate.swift */,
				2EA1F7661F2306D1008AC466 /* SecondPageVC.swift */,
				2E7B35251F20AA9600C431F5 /* FirstPageVC.swift */,
				2E7B35271F20AA9600C431F5 /* Main.storyboard */,
				2E7B352A1F20AA9600C431F5 /* Assets.xcassets */,
				2E7B352C1F20AA9600C431F5 /* LaunchScreen.storyboard */,
				2E7B352F1F20AA9600C431F5 /* Info.plist */,
			);
			path = CodeClass;
			sourceTree = "<group>";
		};
		2E7B35371F20AA9700C431F5 /* CodeClassTests */ = {
			isa = PBXGroup;
			children = (
				2E7B35381F20AA9700C431F5 /* CodeClassTests.swift */,
				2E7B353A1F20AA9700C431F5 /* Info.plist */,
			);
			path = CodeClassTests;
			sourceTree = "<group>";
		};
		2E7B35451F20B6BE00C431F5 /* Class */ = {
			isa = PBXGroup;
			children = (
				2E7B35431F20B50F00C431F5 /* Manusia.swift */,
				2E7B35461F20B6E500C431F5 /* Pria.swift */,
			);
			name = Class;
			sourceTree = "<group>";
		};
/* End PBXGroup section */

/* Begin PBXNativeTarget section */
		2E7B351F1F20AA9600C431F5 /* CodeClass */ = {
			isa = PBXNativeTarget;
			buildConfigurationList = 2E7B353D1F20AA9700C431F5 /* Build configuration list for PBXNativeTarget "CodeClass" */;
			buildPhases = (
				2E7B351C1F20AA9600C431F5 /* Sources */,
				2E7B351D1F20AA9600C431F5 /* Frameworks */,
				2E7B351E1F20AA9600C431F5 /* Resources */,
			);
			buildRules = (
			);
			dependencies = (
			);
			name = CodeClass;
			productName = CodeClass;
			productReference = 2E7B35201F20AA9600C431F5 /* CodeClass.app */;
			productType = "com.apple.product-type.application";
		};
		2E7B35331F20AA9700C431F5 /* CodeClassTests */ = {
			isa = PBXNativeTarget;
			buildConfigurationList = 2E7B35401F20AA9700C431F5 /* Build configuration list for PBXNativeTarget "CodeClassTests" */;
			buildPhases = (
				2E7B35301F20AA9700C431F5 /* Sources */,
				2E7B35311F20AA9700C431F5 /* Frameworks */,
				2E7B35321F20AA9700C431F5 /* Resources */,
			);
			buildRules = (
			);
			dependencies = (
				2E7B35361F20AA9700C431F5 /* PBXTargetDependency */,
			);
			name = CodeClassTests;
			productName = CodeClassTests;
			productReference = 2E7B35341F20AA9700C431F5 /* CodeClassTests.xctest */;
			productType = "com.apple.product-type.bundle.unit-test";
		};
/* End PBXNativeTarget section */

/* Begin PBXProject section */
		2E7B35181F20AA9600C431F5 /* Project object */ = {
			isa = PBXProject;
			attributes = {
				LastSwiftUpdateCheck = 0730;
				LastUpgradeCheck = 0820;
				ORGANIZATIONNAME = kliklabs;
				TargetAttributes = {
					2E7B351F1F20AA9600C431F5 = {
						CreatedOnToolsVersion = 7.3;
						LastSwiftMigration = 0820;
					};
					2E7B35331F20AA9700C431F5 = {
						CreatedOnToolsVersion = 7.3;
						LastSwiftMigration = 0820;
						TestTargetID = 2E7B351F1F20AA9600C431F5;
					};
				};
			};
			buildConfigurationList = 2E7B351B1F20AA9600C431F5 /* Build configuration list for PBXProject "CodeClass" */;
			compatibilityVersion = "Xcode 3.2";
			developmentRegion = English;
			hasScannedForEncodings = 0;
			knownRegions = (
				en,
				Base,
			);
			mainGroup = 2E7B35171F20AA9600C431F5;
			productRefGroup = 2E7B35211F20AA9600C431F5 /* Products */;
			projectDirPath = "";
			projectRoot = "";
			targets = (
				2E7B351F1F20AA9600C431F5 /* CodeClass */,
				2E7B35331F20AA9700C431F5 /* CodeClassTests */,
			);
		};
/* End PBXProject section */

/* Begin PBXResourcesBuildPhase section */
		2E7B351E1F20AA9600C431F5 /* Resources */ = {
			isa = PBXResourcesBuildPhase;
			buildActionMask = 2147483647;
			files = (
				2E7B352E1F20AA9600C431F5 /* LaunchScreen.storyboard in Resources */,
				2E7B352B1F20AA9600C431F5 /* Assets.xcassets in Resources */,
				2E7B35291F20AA9600C431F5 /* Main.storyboard in Resources */,
			);
			runOnlyForDeploymentPostprocessing = 0;
		};
		2E7B35321F20AA9700C431F5 /* Resources */ = {
			isa = PBXResourcesBuildPhase;
			buildActionMask = 2147483647;
			files = (
			);
			runOnlyForDeploymentPostprocessing = 0;
		};
/* End PBXResourcesBuildPhase section */

/* Begin PBXSourcesBuildPhase section */
		2E7B351C1F20AA9600C431F5 /* Sources */ = {
			isa = PBXSourcesBuildPhase;
			buildActionMask = 2147483647;
			files = (
				2E7B35441F20B50F00C431F5 /* Manusia.swift in Sources */,
				2E7B35471F20B6E500C431F5 /* Pria.swift in Sources */,
				2E7B35261F20AA9600C431F5 /* FirstPageVC.swift in Sources */,
				2E7B35241F20AA9600C431F5 /* AppDelegate.swift in Sources */,
				2EA1F7671F2306D1008AC466 /* SecondPageVC.swift in Sources */,
			);
			runOnlyForDeploymentPostprocessing = 0;
		};
		2E7B35301F20AA9700C431F5 /* Sources */ = {
			isa = PBXSourcesBuildPhase;
			buildActionMask = 2147483647;
			files = (
				2E7B35391F20AA9700C431F5 /* CodeClassTests.swift in Sources */,
			);
			runOnlyForDeploymentPostprocessing = 0;
		};
/* End PBXSourcesBuildPhase section */

/* Begin PBXTargetDependency section */
		2E7B35361F20AA9700C431F5 /* PBXTargetDependency */ = {
			isa = PBXTargetDependency;
			target = 2E7B351F1F20AA9600C431F5 /* CodeClass */;
			targetProxy = 2E7B35351F20AA9700C431F5 /* PBXContainerItemProxy */;
		};
/* End PBXTargetDependency section */

/* Begin PBXVariantGroup section */
		2E7B35271F20AA9600C431F5 /* Main.storyboard */ = {
			isa = PBXVariantGroup;
			children = (
				2E7B35281F20AA9600C431F5 /* Base */,
			);
			name = Main.storyboard;
			sourceTree = "<group>";
		};
		2E7B352C1F20AA9600C431F5 /* LaunchScreen.storyboard */ = {
			isa = PBXVariantGroup;
			children = (
				2E7B352D1F20AA9600C431F5 /* Base */,
			);
			name = LaunchScreen.storyboard;
			sourceTree = "<group>";
		};
/* End PBXVariantGroup section */

/* Begin XCBuildConfiguration section */
		2E7B353B1F20AA9700C431F5 /* Debug */ = {
			isa = XCBuildConfiguration;
			buildSettings = {
				ALWAYS_SEARCH_USER_PATHS = NO;
				CLANG_ANALYZER_NONNULL = YES;
				CLANG_CXX_LANGUAGE_STANDARD = "gnu++0x";
				CLANG_CXX_LIBRARY = "libc++";
				CLANG_ENABLE_MODULES = YES;
				CLANG_ENABLE_OBJC_ARC = YES;
				CLANG_WARN_BOOL_CONVERSION = YES;
				CLANG_WARN_CONSTANT_CONVERSION = YES;
				CLANG_WARN_DIRECT_OBJC_ISA_USAGE = YES_ERROR;
				CLANG_WARN_EMPTY_BODY = YES;
				CLANG_WARN_ENUM_CONVERSION = YES;
				CLANG_WARN_INFINITE_RECURSION = YES;
				CLANG_WARN_INT_CONVERSION = YES;
				CLANG_WARN_OBJC_ROOT_CLASS = YES_ERROR;
				CLANG_WARN_SUSPICIOUS_MOVE = YES;
				CLANG_WARN_UNREACHABLE_CODE = YES;
				CLANG_WARN__DUPLICATE_METHOD_MATCH = YES;
				"CODE_SIGN_IDENTITY[sdk=iphoneos*]" = "iPhone Developer";
				COPY_PHASE_STRIP = NO;
				DEBUG_INFORMATION_FORMAT = dwarf;
				ENABLE_STRICT_OBJC_MSGSEND = YES;
				ENABLE_TESTABILITY = YES;
				GCC_C_LANGUAGE_STANDARD = gnu99;
				GCC_DYNAMIC_NO_PIC = NO;
				GCC_NO_COMMON_BLOCKS = YES;
				GCC_OPTIMIZATION_LEVEL = 0;
				GCC_PREPROCESSOR_DEFINITIONS = (
					"DEBUG=1",
					"$(inherited)",
				);
				GCC_WARN_64_TO_32_BIT_CONVERSION = YES;
				GCC_WARN_ABOUT_RETURN_TYPE = YES_ERROR;
				GCC_WARN_UNDECLARED_SELECTOR = YES;
				GCC_WARN_UNINITIALIZED_AUTOS = YES_AGGRESSIVE;
				GCC_WARN_UNUSED_FUNCTION = YES;
				GCC_WARN_UNUSED_VARIABLE = YES;
				IPHONEOS_DEPLOYMENT_TARGET = 9.3;
				MTL_ENABLE_DEBUG_INFO = YES;
				ONLY_ACTIVE_ARCH = YES;
				SDKROOT = iphoneos;
				SWIFT_OPTIMIZATION_LEVEL = "-Onone";
				TARGETED_DEVICE_FAMILY = "1,2";
			};
			name = Debug;
		};
		2E7B353C1F20AA9700C431F5 /* Release */ = {
			isa = XCBuildConfiguration;
			buildSettings = {
				ALWAYS_SEARCH_USER_PATHS = NO;
				CLANG_ANALYZER_NONNULL = YES;
				CLANG_CXX_LANGUAGE_STANDARD = "gnu++0x";
				CLANG_CXX_LIBRARY = "libc++";
				CLANG_ENABLE_MODULES = YES;
				CLANG_ENABLE_OBJC_ARC = YES;
				CLANG_WARN_BOOL_CONVERSION = YES;
				CLANG_WARN_CONSTANT_CONVERSION = YES;
				CLANG_WARN_DIRECT_OBJC_ISA_USAGE = YES_ERROR;
				CLANG_WARN_EMPTY_BODY = YES;
				CLANG_WARN_ENUM_CONVERSION = YES;
				CLANG_WARN_INFINITE_RECURSION = YES;
				CLANG_WARN_INT_CONVERSION = YES;
				CLANG_WARN_OBJC_ROOT_CLASS = YES_ERROR;
				CLANG_WARN_SUSPICIOUS_MOVE = YES;
				CLANG_WARN_UNREACHABLE_CODE = YES;
				CLANG_WARN__DUPLICATE_METHOD_MATCH = YES;
				"CODE_SIGN_IDENTITY[sdk=iphoneos*]" = "iPhone Developer";
				COPY_PHASE_STRIP = NO;
				DEBUG_INFORMATION_FORMAT = "dwarf-with-dsym";
				ENABLE_NS_ASSERTIONS = NO;
				ENABLE_STRICT_OBJC_MSGSEND = YES;
				GCC_C_LANGUAGE_STANDARD = gnu99;
				GCC_NO_COMMON_BLOCKS = YES;
				GCC_WARN_64_TO_32_BIT_CONVERSION = YES;
				GCC_WARN_ABOUT_RETURN_TYPE = YES_ERROR;
				GCC_WARN_UNDECLARED_SELECTOR = YES;
				GCC_WARN_UNINITIALIZED_AUTOS = YES_AGGRESSIVE;
				GCC_WARN_UNUSED_FUNCTION = YES;
				GCC_WARN_UNUSED_VARIABLE = YES;
				IPHONEOS_DEPLOYMENT_TARGET = 9.3;
				MTL_ENABLE_DEBUG_INFO = NO;
				SDKROOT = iphoneos;
				SWIFT_OPTIMIZATION_LEVEL = "-Owholemodule";
				TARGETED_DEVICE_FAMILY = "1,2";
				VALIDATE_PRODUCT = YES;
			};
			name = Release;
		};
		2E7B353E1F20AA9700C431F5 /* Debug */ = {
			isa = XCBuildConfiguration;
			buildSettings = {
				ASSETCATALOG_COMPILER_APPICON_NAME = AppIcon;
				INFOPLIST_FILE = CodeClass/Info.plist;
				LD_RUNPATH_SEARCH_PATHS = "$(inherited) @executable_path/Frameworks";
				PRODUCT_BUNDLE_IDENTIFIER = com.kliklabs.CodeClass;
				PRODUCT_NAME = "$(TARGET_NAME)";
				SWIFT_VERSION = 3.0;
			};
			name = Debug;
		};
		2E7B353F1F20AA9700C431F5 /* Release */ = {
			isa = XCBuildConfiguration;
			buildSettings = {
				ASSETCATALOG_COMPILER_APPICON_NAME = AppIcon;
				INFOPLIST_FILE = CodeClass/Info.plist;
				LD_RUNPATH_SEARCH_PATHS = "$(inherited) @executable_path/Frameworks";
				PRODUCT_BUNDLE_IDENTIFIER = com.kliklabs.CodeClass;
				PRODUCT_NAME = "$(TARGET_NAME)";
				SWIFT_VERSION = 3.0;
			};
			name = Release;
		};
		2E7B35411F20AA9700C431F5 /* Debug */ = {
			isa = XCBuildConfiguration;
			buildSettings = {
				BUNDLE_LOADER = "$(TEST_HOST)";
				INFOPLIST_FILE = CodeClassTests/Info.plist;
				LD_RUNPATH_SEARCH_PATHS = "$(inherited) @executable_path/Frameworks @loader_path/Frameworks";
				PRODUCT_BUNDLE_IDENTIFIER = com.kliklabs.CodeClassTests;
				PRODUCT_NAME = "$(TARGET_NAME)";
				SWIFT_VERSION = 3.0;
				TEST_HOST = "$(BUILT_PRODUCTS_DIR)/CodeClass.app/CodeClass";
			};
			name = Debug;
		};
		2E7B35421F20AA9700C431F5 /* Release */ = {
			isa = XCBuildConfiguration;
			buildSettings = {
				BUNDLE_LOADER = "$(TEST_HOST)";
				INFOPLIST_FILE = CodeClassTests/Info.plist;
				LD_RUNPATH_SEARCH_PATHS = "$(inherited) @executable_path/Frameworks @loader_path/Frameworks";
				PRODUCT_BUNDLE_IDENTIFIER = com.kliklabs.CodeClassTests;
				PRODUCT_NAME = "$(TARGET_NAME)";
				SWIFT_VERSION = 3.0;
				TEST_HOST = "$(BUILT_PRODUCTS_DIR)/CodeClass.app/CodeClass";
			};
			name = Release;
		};
/* End XCBuildConfiguration section */

/* Begin XCConfigurationList section */
		2E7B351B1F20AA9600C431F5 /* Build configuration list for PBXProject "CodeClass" */ = {
			isa = XCConfigurationList;
			buildConfigurations = (
				2E7B353B1F20AA9700C431F5 /* Debug */,
				2E7B353C1F20AA9700C431F5 /* Release */,
			);
			defaultConfigurationIsVisible = 0;
			defaultConfigurationName = Release;
		};
		2E7B353D1F20AA9700C431F5 /* Build configuration list for PBXNativeTarget "CodeClass" */ = {
			isa = XCConfigurationList;
			buildConfigurations = (
				2E7B353E1F20AA9700C431F5 /* Debug */,
				2E7B353F1F20AA9700C431F5 /* Release */,
			);
			defaultConfigurationIsVisible = 0;
			defaultConfigurationName = Release;
		};
		2E7B35401F20AA9700C431F5 /* Build configuration list for PBXNativeTarget "CodeClassTests" */ = {
			isa = XCConfigurationList;
			buildConfigurations = (
				2E7B35411F20AA9700C431F5 /* Debug */,
				2E7B35421F20AA9700C431F5 /* Release */,
			);
			defaultConfigurationIsVisible = 0;
			defaultConfigurationName = Release;
		};
/* End XCConfigurationList section */
	};
	rootObject = 2E7B35181F20AA9600C431F5 /* Project object */;
}
